
Microsoft Visual Studio Solution File, Format Version 12.00
# Visual Studio Version 16
VisualStudioVersion = 16.0.29519.87
MinimumVisualStudioVersion = 10.0.40219.1
Project("{2150E333-8FDC-42A3-9474-1A3956D46DE8}") = "Solution Items", "Solution Items", "{BCBFF105-EE51-449B-95F4-CC853BDFA8A2}"
	ProjectSection(SolutionItems) = preProject
		.gitignore = .gitignore
		docker-compose.yml = docker-compose.yml
		readme.md = readme.md
	EndProjectSection
EndProject
Project("{2150E333-8FDC-42A3-9474-1A3956D46DE8}") = "base-env", "base-env", "{7AC07FD5-3682-4AB4-9D36-B29172541A16}"
	ProjectSection(SolutionItems) = preProject
		base-env\docker-compose.yml = base-env\docker-compose.yml
		base-env\Dockerfile = base-env\Dockerfile
		readme.md = readme.md
	EndProjectSection
EndProject
Project("{9A19103F-16F7-4668-BE54-9A1E7A4F7556}") = "TestClient", "TestClient\TestClient.csproj", "{3849845A-318E-4C65-9FB9-50299CE6A7E2}"
EndProject
Project("{9A19103F-16F7-4668-BE54-9A1E7A4F7556}") = "Wwbweibo.CrackDetect.ServiceMaster", "Wwbweibo.CrackDetect.ServiceMaster\Wwbweibo.CrackDetect.ServiceMaster.csproj", "{1AC45E9C-5189-40ED-AEC2-06FF1D3B918C}"
EndProject
Project("{9A19103F-16F7-4668-BE54-9A1E7A4F7556}") = "Wwbweibo.CrackDetect.Models", "Wwbweibo.CrackDetect.Models\Wwbweibo.CrackDetect.Models.csproj", "{4773E19F-057A-4C5D-9D76-3D11FD532403}"
EndProject
Project("{9A19103F-16F7-4668-BE54-9A1E7A4F7556}") = "Wwbweibo.CrackDetect.Libs", "Wwbweibo.CrackDetect.Libs\Wwbweibo.CrackDetect.Libs.csproj", "{C0D088C4-1A5B-4DA7-81B3-9E88AF7BDB6F}"
EndProject
Project("{FAE04EC0-301F-11D3-BF4B-00C04F79EFBC}") = "Wwbweibo.CrackDetect.MasterWeb", "Wwbweibo.CrackDetect.MasterWeb\Wwbweibo.CrackDetect.MasterWeb.csproj", "{10316345-E578-4022-A6FA-FD2921329D1F}"
EndProject
Project("{FAE04EC0-301F-11D3-BF4B-00C04F79EFBC}") = "Wwbweibo.CrackDetect.MasterService", "Wwbweibo.CrackDetect.MasterService\Wwbweibo.CrackDetect.MasterService.csproj", "{04555D51-EDFC-4991-BB9C-DF9A36FB647C}"
EndProject
Global
	GlobalSection(SolutionConfigurationPlatforms) = preSolution
		Debug|Any CPU = Debug|Any CPU
		Release|Any CPU = Release|Any CPU
	EndGlobalSection
	GlobalSection(ProjectConfigurationPlatforms) = postSolution
		{3849845A-318E-4C65-9FB9-50299CE6A7E2}.Debug|Any CPU.ActiveCfg = Debug|Any CPU
		{3849845A-318E-4C65-9FB9-50299CE6A7E2}.Debug|Any CPU.Build.0 = Debug|Any CPU
		{3849845A-318E-4C65-9FB9-50299CE6A7E2}.Release|Any CPU.ActiveCfg = Release|Any CPU
		{3849845A-318E-4C65-9FB9-50299CE6A7E2}.Release|Any CPU.Build.0 = Release|Any CPU
		{1AC45E9C-5189-40ED-AEC2-06FF1D3B918C}.Debug|Any CPU.ActiveCfg = Debug|Any CPU
		{1AC45E9C-5189-40ED-AEC2-06FF1D3B918C}.Debug|Any CPU.Build.0 = Debug|Any CPU
		{1AC45E9C-5189-40ED-AEC2-06FF1D3B918C}.Release|Any CPU.ActiveCfg = Release|Any CPU
		{1AC45E9C-5189-40ED-AEC2-06FF1D3B918C}.Release|Any CPU.Build.0 = Release|Any CPU
		{4773E19F-057A-4C5D-9D76-3D11FD532403}.Debug|Any CPU.ActiveCfg = Debug|Any CPU
		{4773E19F-057A-4C5D-9D76-3D11FD532403}.Debug|Any CPU.Build.0 = Debug|Any CPU
		{4773E19F-057A-4C5D-9D76-3D11FD532403}.Release|Any CPU.ActiveCfg = Release|Any CPU
		{4773E19F-057A-4C5D-9D76-3D11FD532403}.Release|Any CPU.Build.0 = Release|Any CPU
		{C0D088C4-1A5B-4DA7-81B3-9E88AF7BDB6F}.Debug|Any CPU.ActiveCfg = Debug|Any CPU
		{C0D088C4-1A5B-4DA7-81B3-9E88AF7BDB6F}.Debug|Any CPU.Build.0 = Debug|Any CPU
		{C0D088C4-1A5B-4DA7-81B3-9E88AF7BDB6F}.Release|Any CPU.ActiveCfg = Release|Any CPU
		{C0D088C4-1A5B-4DA7-81B3-9E88AF7BDB6F}.Release|Any CPU.Build.0 = Release|Any CPU
		{10316345-E578-4022-A6FA-FD2921329D1F}.Debug|Any CPU.ActiveCfg = Debug|Any CPU
		{10316345-E578-4022-A6FA-FD2921329D1F}.Debug|Any CPU.Build.0 = Debug|Any CPU
		{10316345-E578-4022-A6FA-FD2921329D1F}.Release|Any CPU.ActiveCfg = Release|Any CPU
		{10316345-E578-4022-A6FA-FD2921329D1F}.Release|Any CPU.Build.0 = Release|Any CPU
		{04555D51-EDFC-4991-BB9C-DF9A36FB647C}.Debug|Any CPU.ActiveCfg = Debug|Any CPU
		{04555D51-EDFC-4991-BB9C-DF9A36FB647C}.Debug|Any CPU.Build.0 = Debug|Any CPU
		{04555D51-EDFC-4991-BB9C-DF9A36FB647C}.Release|Any CPU.ActiveCfg = Release|Any CPU
		{04555D51-EDFC-4991-BB9C-DF9A36FB647C}.Release|Any CPU.Build.0 = Release|Any CPU
	EndGlobalSection
	GlobalSection(SolutionProperties) = preSolution
		HideSolutionNode = FALSE
	EndGlobalSection
	GlobalSection(NestedProjects) = preSolution
		{7AC07FD5-3682-4AB4-9D36-B29172541A16} = {BCBFF105-EE51-449B-95F4-CC853BDFA8A2}
	EndGlobalSection
	GlobalSection(ExtensibilityGlobals) = postSolution
		SolutionGuid = {AF1321E0-CDE3-4B5F-A7F0-EDB832E161C8}
	EndGlobalSection
EndGlobal
