
Microsoft Visual Studio Solution File, Format Version 12.00
# Visual Studio Version 16
VisualStudioVersion = 16.0.29519.87
MinimumVisualStudioVersion = 10.0.40219.1
Project("{9A19103F-16F7-4668-BE54-9A1E7A4F7556}") = "Wwbweibo.CrackDetect.Kafka", "Wwbwiebo.CrackDetect.Kafka\Wwbweibo.CrackDetect.Kafka.csproj", "{6CB447BC-B7E5-4CF2-A045-BB8A9E5F315C}"
EndProject
Project("{9A19103F-16F7-4668-BE54-9A1E7A4F7556}") = "Wwbweibo.CrackDetect.Test", "Wwbweibo.CrackDetect.Kafka.Test\Wwbweibo.CrackDetect.Test.csproj", "{D5BEF6C1-8303-458C-8FE3-3897122EE5A4}"
EndProject
Project("{9A19103F-16F7-4668-BE54-9A1E7A4F7556}") = "Wwbweibo.CrackDetect.Tools", "Wwbweibo.CrackDetect.Tools\Wwbweibo.CrackDetect.Tools.csproj", "{37341E7A-1BA2-433B-AF4E-6ABDEDF131B4}"
EndProject
Project("{2150E333-8FDC-42A3-9474-1A3956D46DE8}") = "Solution Items", "Solution Items", "{BCBFF105-EE51-449B-95F4-CC853BDFA8A2}"
	ProjectSection(SolutionItems) = preProject
		.gitignore = .gitignore
		docker-compose.yml = docker-compose.yml
	EndProjectSection
EndProject
Project("{9A19103F-16F7-4668-BE54-9A1E7A4F7556}") = "Wwbweibo.CrackDetect.PreProcess", "Wwbweibo.CrackDetect.PerProcess\Wwbweibo.CrackDetect.PreProcess.csproj", "{58C4CCA8-E2A4-4582-9C71-0FED5AA4473B}"
EndProject
Project("{888888A0-9F3D-457C-B088-3A5042F75D52}") = "CrackCoreLib", "CrackCoreLib\CrackCoreLib.pyproj", "{39867D87-70F7-4D62-8A90-A567DAABA8CB}"
EndProject
Project("{888888A0-9F3D-457C-B088-3A5042F75D52}") = "CrackPreProcess", "CrackPreProcess\CrackPreProcess.pyproj", "{B252FA25-52E7-4045-9CCB-2850A0656791}"
EndProject
Global
	GlobalSection(SolutionConfigurationPlatforms) = preSolution
		Debug|Any CPU = Debug|Any CPU
		Release|Any CPU = Release|Any CPU
	EndGlobalSection
	GlobalSection(ProjectConfigurationPlatforms) = postSolution
		{6CB447BC-B7E5-4CF2-A045-BB8A9E5F315C}.Debug|Any CPU.ActiveCfg = Debug|Any CPU
		{6CB447BC-B7E5-4CF2-A045-BB8A9E5F315C}.Debug|Any CPU.Build.0 = Debug|Any CPU
		{6CB447BC-B7E5-4CF2-A045-BB8A9E5F315C}.Release|Any CPU.ActiveCfg = Release|Any CPU
		{6CB447BC-B7E5-4CF2-A045-BB8A9E5F315C}.Release|Any CPU.Build.0 = Release|Any CPU
		{D5BEF6C1-8303-458C-8FE3-3897122EE5A4}.Debug|Any CPU.ActiveCfg = Debug|Any CPU
		{D5BEF6C1-8303-458C-8FE3-3897122EE5A4}.Debug|Any CPU.Build.0 = Debug|Any CPU
		{D5BEF6C1-8303-458C-8FE3-3897122EE5A4}.Release|Any CPU.ActiveCfg = Release|Any CPU
		{D5BEF6C1-8303-458C-8FE3-3897122EE5A4}.Release|Any CPU.Build.0 = Release|Any CPU
		{37341E7A-1BA2-433B-AF4E-6ABDEDF131B4}.Debug|Any CPU.ActiveCfg = Debug|Any CPU
		{37341E7A-1BA2-433B-AF4E-6ABDEDF131B4}.Debug|Any CPU.Build.0 = Debug|Any CPU
		{37341E7A-1BA2-433B-AF4E-6ABDEDF131B4}.Release|Any CPU.ActiveCfg = Release|Any CPU
		{37341E7A-1BA2-433B-AF4E-6ABDEDF131B4}.Release|Any CPU.Build.0 = Release|Any CPU
		{58C4CCA8-E2A4-4582-9C71-0FED5AA4473B}.Debug|Any CPU.ActiveCfg = Debug|Any CPU
		{58C4CCA8-E2A4-4582-9C71-0FED5AA4473B}.Debug|Any CPU.Build.0 = Debug|Any CPU
		{58C4CCA8-E2A4-4582-9C71-0FED5AA4473B}.Release|Any CPU.ActiveCfg = Release|Any CPU
		{58C4CCA8-E2A4-4582-9C71-0FED5AA4473B}.Release|Any CPU.Build.0 = Release|Any CPU
		{39867D87-70F7-4D62-8A90-A567DAABA8CB}.Debug|Any CPU.ActiveCfg = Debug|Any CPU
		{39867D87-70F7-4D62-8A90-A567DAABA8CB}.Release|Any CPU.ActiveCfg = Release|Any CPU
		{B252FA25-52E7-4045-9CCB-2850A0656791}.Debug|Any CPU.ActiveCfg = Debug|Any CPU
		{B252FA25-52E7-4045-9CCB-2850A0656791}.Debug|Any CPU.Build.0 = Debug|Any CPU
		{B252FA25-52E7-4045-9CCB-2850A0656791}.Release|Any CPU.ActiveCfg = Release|Any CPU
		{B252FA25-52E7-4045-9CCB-2850A0656791}.Release|Any CPU.Build.0 = Release|Any CPU
	EndGlobalSection
	GlobalSection(SolutionProperties) = preSolution
		HideSolutionNode = FALSE
	EndGlobalSection
	GlobalSection(ExtensibilityGlobals) = postSolution
		SolutionGuid = {AF1321E0-CDE3-4B5F-A7F0-EDB832E161C8}
	EndGlobalSection
EndGlobal
